PODS:
  - GoogleMaps (2.1.1):
    - GoogleMaps/Maps (= 2.1.1)
  - GoogleMaps/Base (2.1.1)
  - GoogleMaps/Maps (2.1.1):
    - GoogleMaps/Base

DEPENDENCIES:
  - GoogleMaps (= 2.1.1)

SPEC CHECKSUMS:
  GoogleMaps: a5b5bbe47734e2443bde781a6aa64e69fdb6d785

PODFILE CHECKSUM: 8815a7866e5ccf2d99713a532831ebfbdc2d776a

COCOAPODS: 1.2.0
